
Microsoft Visual Studio Solution File, Format Version 12.00
# Visual Studio 15
VisualStudioVersion = 15.0.27428.2002
MinimumVisualStudioVersion = 10.0.40219.1
Project("{FAE04EC0-301F-11D3-BF4B-00C04F79EFBC}") = "ImageRetrieverService", "ImageRetrieverService\ImageRetrieverService.csproj", "{628420BC-0B55-4DE7-A181-054B80B2D3C6}"
EndProject
Project("{FAE04EC0-301F-11D3-BF4B-00C04F79EFBC}") = "ImageRetrieverClient", "ImageRetrieverClient\ImageRetrieverClient.csproj", "{FD656ECE-DD0F-4F72-9393-5CF00640AC01}"
EndProject
Global
	GlobalSection(SolutionConfigurationPlatforms) = preSolution
		Debug|Any CPU = Debug|Any CPU
		Release|Any CPU = Release|Any CPU
	EndGlobalSection
	GlobalSection(ProjectConfigurationPlatforms) = postSolution
		{628420BC-0B55-4DE7-A181-054B80B2D3C6}.Debug|Any CPU.ActiveCfg = Debug|Any CPU
		{628420BC-0B55-4DE7-A181-054B80B2D3C6}.Debug|Any CPU.Build.0 = Debug|Any CPU
		{628420BC-0B55-4DE7-A181-054B80B2D3C6}.Release|Any CPU.ActiveCfg = Release|Any CPU
		{628420BC-0B55-4DE7-A181-054B80B2D3C6}.Release|Any CPU.Build.0 = Release|Any CPU
		{FD656ECE-DD0F-4F72-9393-5CF00640AC01}.Debug|Any CPU.ActiveCfg = Debug|Any CPU
		{FD656ECE-DD0F-4F72-9393-5CF00640AC01}.Debug|Any CPU.Build.0 = Debug|Any CPU
		{FD656ECE-DD0F-4F72-9393-5CF00640AC01}.Release|Any CPU.ActiveCfg = Release|Any CPU
		{FD656ECE-DD0F-4F72-9393-5CF00640AC01}.Release|Any CPU.Build.0 = Release|Any CPU
	EndGlobalSection
	GlobalSection(SolutionProperties) = preSolution
		HideSolutionNode = FALSE
	EndGlobalSection
	GlobalSection(ExtensibilityGlobals) = postSolution
		SolutionGuid = {ADAAC334-B4C9-4C43-9C68-9ABB7BF061F4}
	EndGlobalSection
EndGlobal
